
Microsoft Visual Studio Solution File, Format Version 12.00
Project("{FAE04EC0-301F-11D3-BF4B-00C04F79EFBC}") = "Gp4Net", "src\Gp4Net\Gp4Net.csproj", "{02C54F71-CD18-486A-BB3B-92AE35ED5218}"
EndProject
Project("{FAE04EC0-301F-11D3-BF4B-00C04F79EFBC}") = "Gp4Net.Tests", "tests\Gp4Net.Tests\Gp4Net.Tests.csproj", "{BC76946A-E27D-4179-9745-4F83F266F480}"
EndProject
Project("{FAE04EC0-301F-11D3-BF4B-00C04F79EFBC}") = "Gp4Net.Tool", "src\Gp4Net.Tool\Gp4Net.Tool.csproj", "{BC75E479-5724-4B87-BF9E-1B42540157C3}"
EndProject
Global
	GlobalSection(SolutionConfigurationPlatforms) = preSolution
		Debug|Any CPU = Debug|Any CPU
		Release|Any CPU = Release|Any CPU
	EndGlobalSection
	GlobalSection(ProjectConfigurationPlatforms) = postSolution
		{02C54F71-CD18-486A-BB3B-92AE35ED5218}.Debug|Any CPU.ActiveCfg = Debug|Any CPU
		{02C54F71-CD18-486A-BB3B-92AE35ED5218}.Debug|Any CPU.Build.0 = Debug|Any CPU
		{02C54F71-CD18-486A-BB3B-92AE35ED5218}.Release|Any CPU.ActiveCfg = Release|Any CPU
		{02C54F71-CD18-486A-BB3B-92AE35ED5218}.Release|Any CPU.Build.0 = Release|Any CPU
		{BC76946A-E27D-4179-9745-4F83F266F480}.Debug|Any CPU.ActiveCfg = Debug|Any CPU
		{BC76946A-E27D-4179-9745-4F83F266F480}.Debug|Any CPU.Build.0 = Debug|Any CPU
		{BC76946A-E27D-4179-9745-4F83F266F480}.Release|Any CPU.ActiveCfg = Release|Any CPU
		{BC76946A-E27D-4179-9745-4F83F266F480}.Release|Any CPU.Build.0 = Release|Any CPU
		{BC75E479-5724-4B87-BF9E-1B42540157C3}.Debug|Any CPU.ActiveCfg = Debug|Any CPU
		{BC75E479-5724-4B87-BF9E-1B42540157C3}.Debug|Any CPU.Build.0 = Debug|Any CPU
		{BC75E479-5724-4B87-BF9E-1B42540157C3}.Release|Any CPU.ActiveCfg = Release|Any CPU
		{BC75E479-5724-4B87-BF9E-1B42540157C3}.Release|Any CPU.Build.0 = Release|Any CPU
	EndGlobalSection
EndGlobal
